
Microsoft Visual Studio Solution File, Format Version 9.00
# Visual Studio 2005
Project("{FAE04EC0-301F-11D3-BF4B-00C04F79EFBC}") = "Imaging5", "Imaging5.csproj", "{57A1E3B6-0FA7-4B87-B033-78488E3419DE}"
EndProject
Global
	GlobalSection(SolutionConfigurationPlatforms) = preSolution
		Debug|Any CPU = Debug|Any CPU
		Release|Any CPU = Release|Any CPU
	EndGlobalSection
	GlobalSection(ProjectConfigurationPlatforms) = postSolution
		{57A1E3B6-0FA7-4B87-B033-78488E3419DE}.Debug|Any CPU.ActiveCfg = Debug|Any CPU
		{57A1E3B6-0FA7-4B87-B033-78488E3419DE}.Debug|Any CPU.Build.0 = Debug|Any CPU
		{57A1E3B6-0FA7-4B87-B033-78488E3419DE}.Debug|Any CPU.Deploy.0 = Debug|Any CPU
		{57A1E3B6-0FA7-4B87-B033-78488E3419DE}.Release|Any CPU.ActiveCfg = Release|Any CPU
		{57A1E3B6-0FA7-4B87-B033-78488E3419DE}.Release|Any CPU.Build.0 = Release|Any CPU
		{57A1E3B6-0FA7-4B87-B033-78488E3419DE}.Release|Any CPU.Deploy.0 = Release|Any CPU
	EndGlobalSection
	GlobalSection(SolutionProperties) = preSolution
		HideSolutionNode = FALSE
	EndGlobalSection
EndGlobal
